{
  "version": 4,
  "terraform_version": "1.7.5",
  "serial": 1,
  "lineage": "1f2b3c1e-5bed-d0a4-7dfc-9f7474f7b35c",
  "outputs": {},
  "resources": [
    {
      "mode": "managed",
      "type": "docker_image",
      "name": "nginx",
      "provider": "provider[\"registry.terraform.io/kreuzwerker/docker\"]",
      "instances": [
        {
          "schema_version": 0,
          "attributes": {
            "build": [],
            "force_remove": null,
            "id": "sha256:a72860cb95fd59e9c696c66441c64f18e66915fa26b249911e83c3854477ed9anginx",
            "image_id": "sha256:a72860cb95fd59e9c696c66441c64f18e66915fa26b249911e83c3854477ed9a",
            "keep_locally": false,
            "name": "nginx",
            "platform": null,
            "pull_triggers": null,
            "repo_digest": "nginx@sha256:6af79ae5de407283dcea8b00d5c37ace95441fd58a8b1d2aa1ed93f5511bb18c",
            "triggers": null
          },
          "sensitive_attributes": [],
          "private": "bnVsbA=="
        }
      ]
    }
  ],
  "check_results": null
}
